{
  "name": "norm-dist",
  "version": "2.0.1",
  "lockfileVersion": 1,
  "requires": true,
  "dependencies": {
    "@types/node": {
      "version": "13.9.1",
      "resolved": "https://registry.npmjs.org/@types/node/-/node-13.9.1.tgz",
      "integrity": "sha512-E6M6N0blf/jiZx8Q3nb0vNaswQeEyn0XlupO+xN6DtJ6r6IT4nXrTry7zhIfYvFCl3/8Cu6WIysmUBKiqV0bqQ==",
      "dev": true
    },
    "assert-op": {
      "version": "0.4.0",
      "resolved": "https://registry.npmjs.org/assert-op/-/assert-op-0.4.0.tgz",
      "integrity": "sha512-yAnWwB07VWyXxlVSRIwM+CjWXmvRp03jH96zx8u29trLNNklrlyDhaWLpZ64/U1iCFF7SE4jsFBTwnLtok6Slw==",
      "dev": true
    },
    "cotest": {
      "version": "4.0.3",
      "resolved": "https://registry.npmjs.org/cotest/-/cotest-4.0.3.tgz",
      "integrity": "sha512-pBtMKXPcdPaLOSt0zwL704ewSIo1gsW4jkboj4PosTq7cl3iUt5Cb8sbYLWJ+bcbAL0r8SyGslQ16nWQ5xkSiw==",
      "dev": true,
      "requires": {
        "assert-op": "^0.4.0"
      }
    }
  }
}
