{
  "name": "norm-dist",
  "version": "3.0.0",
  "lockfileVersion": 2,
  "requires": true,
  "packages": {
    "": {
      "version": "3.0.0",
      "license": "MIT",
      "devDependencies": {
        "@types/node": "^14.0.1",
        "assert-op": "^0.5.1"
      }
    },
    "node_modules/@types/node": {
      "version": "14.14.37",
      "resolved": "https://registry.npmjs.org/@types/node/-/node-14.14.37.tgz",
      "integrity": "sha512-XYmBiy+ohOR4Lh5jE379fV2IU+6Jn4g5qASinhitfyO71b/sCo6MKsMLF5tc7Zf2CE8hViVQyYSobJNke8OvUw==",
      "dev": true
    },
    "node_modules/assert-op": {
      "version": "0.5.1",
      "resolved": "https://registry.npmjs.org/assert-op/-/assert-op-0.5.1.tgz",
      "integrity": "sha512-ZeJWsyP2DjEW1At4NBF587Td93I1RkNae859eZ5RVTm0KlRyrS4Ysa1zn+wTBflVYeR/sK6uR8TZESugXtZF3A==",
      "dev": true
    }
  },
  "dependencies": {
    "@types/node": {
      "version": "14.14.37",
      "resolved": "https://registry.npmjs.org/@types/node/-/node-14.14.37.tgz",
      "integrity": "sha512-XYmBiy+ohOR4Lh5jE379fV2IU+6Jn4g5qASinhitfyO71b/sCo6MKsMLF5tc7Zf2CE8hViVQyYSobJNke8OvUw==",
      "dev": true
    },
    "assert-op": {
      "version": "0.5.1",
      "resolved": "https://registry.npmjs.org/assert-op/-/assert-op-0.5.1.tgz",
      "integrity": "sha512-ZeJWsyP2DjEW1At4NBF587Td93I1RkNae859eZ5RVTm0KlRyrS4Ysa1zn+wTBflVYeR/sK6uR8TZESugXtZF3A==",
      "dev": true
    }
  }
}
